
Microsoft Visual Studio Solution File, Format Version 12.00
# Visual Studio Version 16
VisualStudioVersion = 16.0.30717.126
MinimumVisualStudioVersion = 10.0.40219.1
Project("{9A19103F-16F7-4668-BE54-9A1E7A4F7556}") = "Forum", "Forum\Forum.csproj", "{7148A939-091A-4753-BCC4-AF41022ED266}"
EndProject
Global
	GlobalSection(SolutionConfigurationPlatforms) = preSolution
		Debug|Any CPU = Debug|Any CPU
		Release|Any CPU = Release|Any CPU
	EndGlobalSection
	GlobalSection(ProjectConfigurationPlatforms) = postSolution
		{7148A939-091A-4753-BCC4-AF41022ED266}.Debug|Any CPU.ActiveCfg = Debug|Any CPU
		{7148A939-091A-4753-BCC4-AF41022ED266}.Debug|Any CPU.Build.0 = Debug|Any CPU
		{7148A939-091A-4753-BCC4-AF41022ED266}.Release|Any CPU.ActiveCfg = Release|Any CPU
		{7148A939-091A-4753-BCC4-AF41022ED266}.Release|Any CPU.Build.0 = Release|Any CPU
	EndGlobalSection
	GlobalSection(SolutionProperties) = preSolution
		HideSolutionNode = FALSE
	EndGlobalSection
	GlobalSection(ExtensibilityGlobals) = postSolution
		SolutionGuid = {F06681FE-E028-428D-BA1A-C55A1EB50F51}
	EndGlobalSection
EndGlobal
